// !$*UTF8*$!
{
	archiveVersion = 1;
	classes = {
	};
	objectVersion = 56;
	objects = {

/* Begin PBXBuildFile section */
		134F776E2C115ECA00939321 /* GameModel.swift in Sources */ = {isa = PBXBuildFile; fileRef = 134F776D2C115ECA00939321 /* GameModel.swift */; };
		13A3983B2C03009000307844 /* rawgApp.swift in Sources */ = {isa = PBXBuildFile; fileRef = 13A3983A2C03009000307844 /* rawgApp.swift */; };
		13A3983D2C03009000307844 /* ContentView.swift in Sources */ = {isa = PBXBuildFile; fileRef = 13A3983C2C03009000307844 /* ContentView.swift */; };
		13A3983F2C03009100307844 /* Assets.xcassets in Resources */ = {isa = PBXBuildFile; fileRef = 13A3983E2C03009100307844 /* Assets.xcassets */; };
		13A398422C03009100307844 /* Preview Assets.xcassets in Resources */ = {isa = PBXBuildFile; fileRef = 13A398412C03009100307844 /* Preview Assets.xcassets */; };
		13BAA36F2C116E7D00E73F16 /* ProfileView.swift in Sources */ = {isa = PBXBuildFile; fileRef = 13BAA36E2C116E7D00E73F16 /* ProfileView.swift */; };
		13BAA3712C116EC100E73F16 /* GameDetailView.swift in Sources */ = {isa = PBXBuildFile; fileRef = 13BAA3702C116EC100E73F16 /* GameDetailView.swift */; };
		13BAA3732C11A26100E73F16 /* GameListView.swift in Sources */ = {isa = PBXBuildFile; fileRef = 13BAA3722C11A26100E73F16 /* GameListView.swift */; };
		13E4A3D32C23E61000B6EAB2 /* Game.swift in Sources */ = {isa = PBXBuildFile; fileRef = 13E4A3D22C23E61000B6EAB2 /* Game.swift */; };
		13E4A3D52C23FD0100B6EAB2 /* GameFavortieList.swift in Sources */ = {isa = PBXBuildFile; fileRef = 13E4A3D42C23FD0100B6EAB2 /* GameFavortieList.swift */; };
		13E4A3D82C24134D00B6EAB2 /* NetworkSource.swift in Sources */ = {isa = PBXBuildFile; fileRef = 13E4A3D72C24134D00B6EAB2 /* NetworkSource.swift */; };
		13E4A3DA2C24136B00B6EAB2 /* LocalSource.swift in Sources */ = {isa = PBXBuildFile; fileRef = 13E4A3D92C24136B00B6EAB2 /* LocalSource.swift */; };
/* End PBXBuildFile section */

/* Begin PBXFileReference section */
		134F776D2C115ECA00939321 /* GameModel.swift */ = {isa = PBXFileReference; lastKnownFileType = sourcecode.swift; path = GameModel.swift; sourceTree = "<group>"; };
		13A398372C03009000307844 /* rawg.app */ = {isa = PBXFileReference; explicitFileType = wrapper.application; includeInIndex = 0; path = rawg.app; sourceTree = BUILT_PRODUCTS_DIR; };
		13A3983A2C03009000307844 /* rawgApp.swift */ = {isa = PBXFileReference; lastKnownFileType = sourcecode.swift; path = rawgApp.swift; sourceTree = "<group>"; };
		13A3983C2C03009000307844 /* ContentView.swift */ = {isa = PBXFileReference; lastKnownFileType = sourcecode.swift; path = ContentView.swift; sourceTree = "<group>"; };
		13A3983E2C03009100307844 /* Assets.xcassets */ = {isa = PBXFileReference; lastKnownFileType = folder.assetcatalog; path = Assets.xcassets; sourceTree = "<group>"; };
		13A398412C03009100307844 /* Preview Assets.xcassets */ = {isa = PBXFileReference; lastKnownFileType = folder.assetcatalog; path = "Preview Assets.xcassets"; sourceTree = "<group>"; };
		13BAA36E2C116E7D00E73F16 /* ProfileView.swift */ = {isa = PBXFileReference; lastKnownFileType = sourcecode.swift; path = ProfileView.swift; sourceTree = "<group>"; };
		13BAA3702C116EC100E73F16 /* GameDetailView.swift */ = {isa = PBXFileReference; lastKnownFileType = sourcecode.swift; path = GameDetailView.swift; sourceTree = "<group>"; };
		13BAA3722C11A26100E73F16 /* GameListView.swift */ = {isa = PBXFileReference; lastKnownFileType = sourcecode.swift; path = GameListView.swift; sourceTree = "<group>"; };
		13E4A3D22C23E61000B6EAB2 /* Game.swift */ = {isa = PBXFileReference; lastKnownFileType = sourcecode.swift; path = Game.swift; sourceTree = "<group>"; };
		13E4A3D42C23FD0100B6EAB2 /* GameFavortieList.swift */ = {isa = PBXFileReference; lastKnownFileType = sourcecode.swift; path = GameFavortieList.swift; sourceTree = "<group>"; };
		13E4A3D72C24134D00B6EAB2 /* NetworkSource.swift */ = {isa = PBXFileReference; lastKnownFileType = sourcecode.swift; path = NetworkSource.swift; sourceTree = "<group>"; };
		13E4A3D92C24136B00B6EAB2 /* LocalSource.swift */ = {isa = PBXFileReference; lastKnownFileType = sourcecode.swift; path = LocalSource.swift; sourceTree = "<group>"; };
/* End PBXFileReference section */

/* Begin PBXFrameworksBuildPhase section */
		13A398342C03009000307844 /* Frameworks */ = {
			isa = PBXFrameworksBuildPhase;
			buildActionMask = 2147483647;
			files = (
			);
			runOnlyForDeploymentPostprocessing = 0;
		};
/* End PBXFrameworksBuildPhase section */

/* Begin PBXGroup section */
		13A3982E2C03008F00307844 = {
			isa = PBXGroup;
			children = (
				8756651B137F7F932FD0333A /* Pods */,
				13A398382C03009000307844 /* Products */,
				13A398392C03009000307844 /* rawg */,
			);
			sourceTree = "<group>";
		};
		13A398382C03009000307844 /* Products */ = {
			isa = PBXGroup;
			children = (
				13A398372C03009000307844 /* rawg.app */,
			);
			name = Products;
			sourceTree = "<group>";
		};
		13A398392C03009000307844 /* rawg */ = {
			isa = PBXGroup;
			children = (
				13E4A3D62C23FE9E00B6EAB2 /* Data */,
				13BAA36D2C1163E000E73F16 /* App */,
				13BAA36C2C1163AD00E73F16 /* FileSystem */,
				13BAA36B2C11638200E73F16 /* View */,
				13A398402C03009100307844 /* Preview Content */,
			);
			path = rawg;
			sourceTree = "<group>";
		};
		13A398402C03009100307844 /* Preview Content */ = {
			isa = PBXGroup;
			children = (
				13A398412C03009100307844 /* Preview Assets.xcassets */,
			);
			path = "Preview Content";
			sourceTree = "<group>";
		};
		13BAA36A2C11635200E73F16 /* NetworkSource */ = {
			isa = PBXGroup;
			children = (
				134F776D2C115ECA00939321 /* GameModel.swift */,
				13E4A3D72C24134D00B6EAB2 /* NetworkSource.swift */,
			);
			path = NetworkSource;
			sourceTree = "<group>";
		};
		13BAA36B2C11638200E73F16 /* View */ = {
			isa = PBXGroup;
			children = (
				13BAA3702C116EC100E73F16 /* GameDetailView.swift */,
				13A3983C2C03009000307844 /* ContentView.swift */,
				13BAA36E2C116E7D00E73F16 /* ProfileView.swift */,
				13BAA3722C11A26100E73F16 /* GameListView.swift */,
				13E4A3D42C23FD0100B6EAB2 /* GameFavortieList.swift */,
			);
			path = View;
			sourceTree = "<group>";
		};
		13BAA36C2C1163AD00E73F16 /* FileSystem */ = {
			isa = PBXGroup;
			children = (
				13A3983E2C03009100307844 /* Assets.xcassets */,
			);
			path = FileSystem;
			sourceTree = "<group>";
		};
		13BAA36D2C1163E000E73F16 /* App */ = {
			isa = PBXGroup;
			children = (
				13A3983A2C03009000307844 /* rawgApp.swift */,
			);
			path = App;
			sourceTree = "<group>";
		};
		13E4A3D12C23E5F700B6EAB2 /* LocalSource */ = {
			isa = PBXGroup;
			children = (
				13E4A3D22C23E61000B6EAB2 /* Game.swift */,
				13E4A3D92C24136B00B6EAB2 /* LocalSource.swift */,
			);
			path = LocalSource;
			sourceTree = "<group>";
		};
		13E4A3D62C23FE9E00B6EAB2 /* Data */ = {
			isa = PBXGroup;
			children = (
				13E4A3D12C23E5F700B6EAB2 /* LocalSource */,
				13BAA36A2C11635200E73F16 /* NetworkSource */,
			);
			path = Data;
			sourceTree = "<group>";
		};
		8756651B137F7F932FD0333A /* Pods */ = {
			isa = PBXGroup;
			children = (
			);
			path = Pods;
			sourceTree = "<group>";
		};
/* End PBXGroup section */

/* Begin PBXNativeTarget section */
		13A398362C03009000307844 /* rawg */ = {
			isa = PBXNativeTarget;
			buildConfigurationList = 13A398452C03009100307844 /* Build configuration list for PBXNativeTarget "rawg" */;
			buildPhases = (
				13A398332C03009000307844 /* Sources */,
				13A398342C03009000307844 /* Frameworks */,
				13A398352C03009000307844 /* Resources */,
			);
			buildRules = (
			);
			dependencies = (
			);
			name = rawg;
			productName = rawg;
			productReference = 13A398372C03009000307844 /* rawg.app */;
			productType = "com.apple.product-type.application";
		};
/* End PBXNativeTarget section */

/* Begin PBXProject section */
		13A3982F2C03008F00307844 /* Project object */ = {
			isa = PBXProject;
			attributes = {
				BuildIndependentTargetsInParallel = 1;
				LastSwiftUpdateCheck = 1540;
				LastUpgradeCheck = 1540;
				TargetAttributes = {
					13A398362C03009000307844 = {
						CreatedOnToolsVersion = 15.4;
					};
				};
			};
			buildConfigurationList = 13A398322C03008F00307844 /* Build configuration list for PBXProject "rawg" */;
			compatibilityVersion = "Xcode 14.0";
			developmentRegion = en;
			hasScannedForEncodings = 0;
			knownRegions = (
				en,
				Base,
			);
			mainGroup = 13A3982E2C03008F00307844;
			productRefGroup = 13A398382C03009000307844 /* Products */;
			projectDirPath = "";
			projectRoot = "";
			targets = (
				13A398362C03009000307844 /* rawg */,
			);
		};
/* End PBXProject section */

/* Begin PBXResourcesBuildPhase section */
		13A398352C03009000307844 /* Resources */ = {
			isa = PBXResourcesBuildPhase;
			buildActionMask = 2147483647;
			files = (
				13A398422C03009100307844 /* Preview Assets.xcassets in Resources */,
				13A3983F2C03009100307844 /* Assets.xcassets in Resources */,
			);
			runOnlyForDeploymentPostprocessing = 0;
		};
/* End PBXResourcesBuildPhase section */

/* Begin PBXSourcesBuildPhase section */
		13A398332C03009000307844 /* Sources */ = {
			isa = PBXSourcesBuildPhase;
			buildActionMask = 2147483647;
			files = (
				13E4A3DA2C24136B00B6EAB2 /* LocalSource.swift in Sources */,
				13E4A3D52C23FD0100B6EAB2 /* GameFavortieList.swift in Sources */,
				13BAA36F2C116E7D00E73F16 /* ProfileView.swift in Sources */,
				13A3983D2C03009000307844 /* ContentView.swift in Sources */,
				13BAA3732C11A26100E73F16 /* GameListView.swift in Sources */,
				13A3983B2C03009000307844 /* rawgApp.swift in Sources */,
				13BAA3712C116EC100E73F16 /* GameDetailView.swift in Sources */,
				134F776E2C115ECA00939321 /* GameModel.swift in Sources */,
				13E4A3D82C24134D00B6EAB2 /* NetworkSource.swift in Sources */,
				13E4A3D32C23E61000B6EAB2 /* Game.swift in Sources */,
			);
			runOnlyForDeploymentPostprocessing = 0;
		};
/* End PBXSourcesBuildPhase section */

/* Begin XCBuildConfiguration section */
		13A398432C03009100307844 /* Debug */ = {
			isa = XCBuildConfiguration;
			buildSettings = {
				ALWAYS_SEARCH_USER_PATHS = NO;
				ASSETCATALOG_COMPILER_GENERATE_SWIFT_ASSET_SYMBOL_EXTENSIONS = YES;
				CLANG_ANALYZER_NONNULL = YES;
				CLANG_ANALYZER_NUMBER_OBJECT_CONVERSION = YES_AGGRESSIVE;
				CLANG_CXX_LANGUAGE_STANDARD = "gnu++20";
				CLANG_ENABLE_MODULES = YES;
				CLANG_ENABLE_OBJC_ARC = YES;
				CLANG_ENABLE_OBJC_WEAK = YES;
				CLANG_WARN_BLOCK_CAPTURE_AUTORELEASING = YES;
				CLANG_WARN_BOOL_CONVERSION = YES;
				CLANG_WARN_COMMA = YES;
				CLANG_WARN_CONSTANT_CONVERSION = YES;
				CLANG_WARN_DEPRECATED_OBJC_IMPLEMENTATIONS = YES;
				CLANG_WARN_DIRECT_OBJC_ISA_USAGE = YES_ERROR;
				CLANG_WARN_DOCUMENTATION_COMMENTS = YES;
				CLANG_WARN_EMPTY_BODY = YES;
				CLANG_WARN_ENUM_CONVERSION = YES;
				CLANG_WARN_INFINITE_RECURSION = YES;
				CLANG_WARN_INT_CONVERSION = YES;
				CLANG_WARN_NON_LITERAL_NULL_CONVERSION = YES;
				CLANG_WARN_OBJC_IMPLICIT_RETAIN_SELF = YES;
				CLANG_WARN_OBJC_LITERAL_CONVERSION = YES;
				CLANG_WARN_OBJC_ROOT_CLASS = YES_ERROR;
				CLANG_WARN_QUOTED_INCLUDE_IN_FRAMEWORK_HEADER = YES;
				CLANG_WARN_RANGE_LOOP_ANALYSIS = YES;
				CLANG_WARN_STRICT_PROTOTYPES = YES;
				CLANG_WARN_SUSPICIOUS_MOVE = YES;
				CLANG_WARN_UNGUARDED_AVAILABILITY = YES_AGGRESSIVE;
				CLANG_WARN_UNREACHABLE_CODE = YES;
				CLANG_WARN__DUPLICATE_METHOD_MATCH = YES;
				COPY_PHASE_STRIP = NO;
				DEBUG_INFORMATION_FORMAT = dwarf;
				ENABLE_STRICT_OBJC_MSGSEND = YES;
				ENABLE_TESTABILITY = YES;
				ENABLE_USER_SCRIPT_SANDBOXING = NO;
				GCC_C_LANGUAGE_STANDARD = gnu17;
				GCC_DYNAMIC_NO_PIC = NO;
				GCC_NO_COMMON_BLOCKS = YES;
				GCC_OPTIMIZATION_LEVEL = 0;
				GCC_PREPROCESSOR_DEFINITIONS = (
					"DEBUG=1",
					"$(inherited)",
				);
				GCC_WARN_64_TO_32_BIT_CONVERSION = YES;
				GCC_WARN_ABOUT_RETURN_TYPE = YES_ERROR;
				GCC_WARN_UNDECLARED_SELECTOR = YES;
				GCC_WARN_UNINITIALIZED_AUTOS = YES_AGGRESSIVE;
				GCC_WARN_UNUSED_FUNCTION = YES;
				GCC_WARN_UNUSED_VARIABLE = YES;
				IPHONEOS_DEPLOYMENT_TARGET = 17.5;
				LOCALIZATION_PREFERS_STRING_CATALOGS = YES;
				MTL_ENABLE_DEBUG_INFO = INCLUDE_SOURCE;
				MTL_FAST_MATH = YES;
				ONLY_ACTIVE_ARCH = YES;
				SDKROOT = iphoneos;
				SWIFT_ACTIVE_COMPILATION_CONDITIONS = "DEBUG $(inherited)";
				SWIFT_OPTIMIZATION_LEVEL = "-Onone";
			};
			name = Debug;
		};
		13A398442C03009100307844 /* Release */ = {
			isa = XCBuildConfiguration;
			buildSettings = {
				ALWAYS_SEARCH_USER_PATHS = NO;
				ASSETCATALOG_COMPILER_GENERATE_SWIFT_ASSET_SYMBOL_EXTENSIONS = YES;
				CLANG_ANALYZER_NONNULL = YES;
				CLANG_ANALYZER_NUMBER_OBJECT_CONVERSION = YES_AGGRESSIVE;
				CLANG_CXX_LANGUAGE_STANDARD = "gnu++20";
				CLANG_ENABLE_MODULES = YES;
				CLANG_ENABLE_OBJC_ARC = YES;
				CLANG_ENABLE_OBJC_WEAK = YES;
				CLANG_WARN_BLOCK_CAPTURE_AUTORELEASING = YES;
				CLANG_WARN_BOOL_CONVERSION = YES;
				CLANG_WARN_COMMA = YES;
				CLANG_WARN_CONSTANT_CONVERSION = YES;
				CLANG_WARN_DEPRECATED_OBJC_IMPLEMENTATIONS = YES;
				CLANG_WARN_DIRECT_OBJC_ISA_USAGE = YES_ERROR;
				CLANG_WARN_DOCUMENTATION_COMMENTS = YES;
				CLANG_WARN_EMPTY_BODY = YES;
				CLANG_WARN_ENUM_CONVERSION = YES;
				CLANG_WARN_INFINITE_RECURSION = YES;
				CLANG_WARN_INT_CONVERSION = YES;
				CLANG_WARN_NON_LITERAL_NULL_CONVERSION = YES;
				CLANG_WARN_OBJC_IMPLICIT_RETAIN_SELF = YES;
				CLANG_WARN_OBJC_LITERAL_CONVERSION = YES;
				CLANG_WARN_OBJC_ROOT_CLASS = YES_ERROR;
				CLANG_WARN_QUOTED_INCLUDE_IN_FRAMEWORK_HEADER = YES;
				CLANG_WARN_RANGE_LOOP_ANALYSIS = YES;
				CLANG_WARN_STRICT_PROTOTYPES = YES;
				CLANG_WARN_SUSPICIOUS_MOVE = YES;
				CLANG_WARN_UNGUARDED_AVAILABILITY = YES_AGGRESSIVE;
				CLANG_WARN_UNREACHABLE_CODE = YES;
				CLANG_WARN__DUPLICATE_METHOD_MATCH = YES;
				COPY_PHASE_STRIP = NO;
				DEBUG_INFORMATION_FORMAT = "dwarf-with-dsym";
				ENABLE_NS_ASSERTIONS = NO;
				ENABLE_STRICT_OBJC_MSGSEND = YES;
				ENABLE_USER_SCRIPT_SANDBOXING = NO;
				GCC_C_LANGUAGE_STANDARD = gnu17;
				GCC_NO_COMMON_BLOCKS = YES;
				GCC_WARN_64_TO_32_BIT_CONVERSION = YES;
				GCC_WARN_ABOUT_RETURN_TYPE = YES_ERROR;
				GCC_WARN_UNDECLARED_SELECTOR = YES;
				GCC_WARN_UNINITIALIZED_AUTOS = YES_AGGRESSIVE;
				GCC_WARN_UNUSED_FUNCTION = YES;
				GCC_WARN_UNUSED_VARIABLE = YES;
				IPHONEOS_DEPLOYMENT_TARGET = 17.5;
				LOCALIZATION_PREFERS_STRING_CATALOGS = YES;
				MTL_ENABLE_DEBUG_INFO = NO;
				MTL_FAST_MATH = YES;
				SDKROOT = iphoneos;
				SWIFT_COMPILATION_MODE = wholemodule;
				VALIDATE_PRODUCT = YES;
			};
			name = Release;
		};
		13A398462C03009100307844 /* Debug */ = {
			isa = XCBuildConfiguration;
			buildSettings = {
				ASSETCATALOG_COMPILER_APPICON_NAME = AppIcon;
				ASSETCATALOG_COMPILER_GLOBAL_ACCENT_COLOR_NAME = AccentColor;
				CODE_SIGN_STYLE = Automatic;
				CURRENT_PROJECT_VERSION = 1;
				DEVELOPMENT_ASSET_PATHS = "\"rawg/Preview Content\"";
				ENABLE_PREVIEWS = YES;
				GENERATE_INFOPLIST_FILE = YES;
				INFOPLIST_KEY_UIApplicationSceneManifest_Generation = YES;
				INFOPLIST_KEY_UIApplicationSupportsIndirectInputEvents = YES;
				INFOPLIST_KEY_UILaunchScreen_Generation = YES;
				INFOPLIST_KEY_UISupportedInterfaceOrientations_iPad = "UIInterfaceOrientationPortrait UIInterfaceOrientationPortraitUpsideDown UIInterfaceOrientationLandscapeLeft UIInterfaceOrientationLandscapeRight";
				INFOPLIST_KEY_UISupportedInterfaceOrientations_iPhone = "UIInterfaceOrientationPortrait UIInterfaceOrientationLandscapeLeft UIInterfaceOrientationLandscapeRight";
				LD_RUNPATH_SEARCH_PATHS = (
					"$(inherited)",
					"@executable_path/Frameworks",
				);
				MARKETING_VERSION = 1.0;
				PRODUCT_BUNDLE_IDENTIFIER = com.threedotz.rawg;
				PRODUCT_NAME = "$(TARGET_NAME)";
				SWIFT_EMIT_LOC_STRINGS = YES;
				SWIFT_VERSION = 5.0;
				TARGETED_DEVICE_FAMILY = "1,2";
			};
			name = Debug;
		};
		13A398472C03009100307844 /* Release */ = {
			isa = XCBuildConfiguration;
			buildSettings = {
				ASSETCATALOG_COMPILER_APPICON_NAME = AppIcon;
				ASSETCATALOG_COMPILER_GLOBAL_ACCENT_COLOR_NAME = AccentColor;
				CODE_SIGN_STYLE = Automatic;
				CURRENT_PROJECT_VERSION = 1;
				DEVELOPMENT_ASSET_PATHS = "\"rawg/Preview Content\"";
				ENABLE_PREVIEWS = YES;
				GENERATE_INFOPLIST_FILE = YES;
				INFOPLIST_KEY_UIApplicationSceneManifest_Generation = YES;
				INFOPLIST_KEY_UIApplicationSupportsIndirectInputEvents = YES;
				INFOPLIST_KEY_UILaunchScreen_Generation = YES;
				INFOPLIST_KEY_UISupportedInterfaceOrientations_iPad = "UIInterfaceOrientationPortrait UIInterfaceOrientationPortraitUpsideDown UIInterfaceOrientationLandscapeLeft UIInterfaceOrientationLandscapeRight";
				INFOPLIST_KEY_UISupportedInterfaceOrientations_iPhone = "UIInterfaceOrientationPortrait UIInterfaceOrientationLandscapeLeft UIInterfaceOrientationLandscapeRight";
				LD_RUNPATH_SEARCH_PATHS = (
					"$(inherited)",
					"@executable_path/Frameworks",
				);
				MARKETING_VERSION = 1.0;
				PRODUCT_BUNDLE_IDENTIFIER = com.threedotz.rawg;
				PRODUCT_NAME = "$(TARGET_NAME)";
				SWIFT_EMIT_LOC_STRINGS = YES;
				SWIFT_VERSION = 5.0;
				TARGETED_DEVICE_FAMILY = "1,2";
			};
			name = Release;
		};
/* End XCBuildConfiguration section */

/* Begin XCConfigurationList section */
		13A398322C03008F00307844 /* Build configuration list for PBXProject "rawg" */ = {
			isa = XCConfigurationList;
			buildConfigurations = (
				13A398432C03009100307844 /* Debug */,
				13A398442C03009100307844 /* Release */,
			);
			defaultConfigurationIsVisible = 0;
			defaultConfigurationName = Release;
		};
		13A398452C03009100307844 /* Build configuration list for PBXNativeTarget "rawg" */ = {
			isa = XCConfigurationList;
			buildConfigurations = (
				13A398462C03009100307844 /* Debug */,
				13A398472C03009100307844 /* Release */,
			);
			defaultConfigurationIsVisible = 0;
			defaultConfigurationName = Release;
		};
/* End XCConfigurationList section */
	};
	rootObject = 13A3982F2C03008F00307844 /* Project object */;
}
